// !$*UTF8*$!
{
	archiveVersion = 1;
	classes = {
	};
	objectVersion = 55;
	objects = {

/* Begin PBXBuildFile section */
		2020CD1828F2CE9400D8355E /* Dependency.swift in Sources */ = {isa = PBXBuildFile; fileRef = 2020CD1728F2CE9400D8355E /* Dependency.swift */; };
		2020CD1A28F2CF3800D8355E /* Predicate.swift in Sources */ = {isa = PBXBuildFile; fileRef = 2020CD1928F2CF3800D8355E /* Predicate.swift */; };
		2020CD1D28F2EB2200D8355E /* DependencyPayloads.swift in Sources */ = {isa = PBXBuildFile; fileRef = 2020CD1C28F2EB2200D8355E /* DependencyPayloads.swift */; };
		2020CD2128F2EB4E00D8355E /* Operand.swift in Sources */ = {isa = PBXBuildFile; fileRef = 2020CD2028F2EB4E00D8355E /* Operand.swift */; };
		2020CD2328F2EB6A00D8355E /* Selector.swift in Sources */ = {isa = PBXBuildFile; fileRef = 2020CD2228F2EB6A00D8355E /* Selector.swift */; };
		2020CD2528F2F78800D8355E /* DependencyAction.swift in Sources */ = {isa = PBXBuildFile; fileRef = 2020CD2428F2F78800D8355E /* DependencyAction.swift */; };
		92BBCA4228ECB1B5003B6F83 /* FromBuilderApp.swift in Sources */ = {isa = PBXBuildFile; fileRef = 92BBCA4128ECB1B5003B6F83 /* FromBuilderApp.swift */; };
		92BBCA4428ECB1B5003B6F83 /* ContentView.swift in Sources */ = {isa = PBXBuildFile; fileRef = 92BBCA4328ECB1B5003B6F83 /* ContentView.swift */; };
		92BBCA4628ECB1B6003B6F83 /* Assets.xcassets in Resources */ = {isa = PBXBuildFile; fileRef = 92BBCA4528ECB1B6003B6F83 /* Assets.xcassets */; };
		92BBCA4928ECB1B6003B6F83 /* Preview Assets.xcassets in Resources */ = {isa = PBXBuildFile; fileRef = 92BBCA4828ECB1B6003B6F83 /* Preview Assets.xcassets */; };
		92BBCA5328ECB1B7003B6F83 /* FromBuilderTests.swift in Sources */ = {isa = PBXBuildFile; fileRef = 92BBCA5228ECB1B7003B6F83 /* FromBuilderTests.swift */; };
		92BBCA5D28ECB1B7003B6F83 /* FromBuilderUITests.swift in Sources */ = {isa = PBXBuildFile; fileRef = 92BBCA5C28ECB1B7003B6F83 /* FromBuilderUITests.swift */; };
		92BBCA5F28ECB1B7003B6F83 /* FromBuilderUITestsLaunchTests.swift in Sources */ = {isa = PBXBuildFile; fileRef = 92BBCA5E28ECB1B7003B6F83 /* FromBuilderUITestsLaunchTests.swift */; };
		92BBCA6C28ECB268003B6F83 /* Models.swift in Sources */ = {isa = PBXBuildFile; fileRef = 92BBCA6B28ECB268003B6F83 /* Models.swift */; };
		DE75C11A28F475CE003558EA /* FormItem.swift in Sources */ = {isa = PBXBuildFile; fileRef = DE75C11928F475CE003558EA /* FormItem.swift */; };
		DEF014BB28F5419100941CA3 /* FormSectionItem.swift in Sources */ = {isa = PBXBuildFile; fileRef = DEF014BA28F5419100941CA3 /* FormSectionItem.swift */; };
		DEF014BD28F541B400941CA3 /* FormRowItem.swift in Sources */ = {isa = PBXBuildFile; fileRef = DEF014BC28F541B400941CA3 /* FormRowItem.swift */; };
		DEF014BF28F541E300941CA3 /* FormDisplayableRowItem.swift in Sources */ = {isa = PBXBuildFile; fileRef = DEF014BE28F541E300941CA3 /* FormDisplayableRowItem.swift */; };
		DEF014C128F5421200941CA3 /* FormInputRowItem.swift in Sources */ = {isa = PBXBuildFile; fileRef = DEF014C028F5421200941CA3 /* FormInputRowItem.swift */; };
		DEF014C628F5457400941CA3 /* Rule.swift in Sources */ = {isa = PBXBuildFile; fileRef = DEF014C528F5457400941CA3 /* Rule.swift */; };
/* End PBXBuildFile section */

/* Begin PBXContainerItemProxy section */
		92BBCA4F28ECB1B7003B6F83 /* PBXContainerItemProxy */ = {
			isa = PBXContainerItemProxy;
			containerPortal = 92BBCA3628ECB1B5003B6F83 /* Project object */;
			proxyType = 1;
			remoteGlobalIDString = 92BBCA3D28ECB1B5003B6F83;
			remoteInfo = FromBuilder;
		};
		92BBCA5928ECB1B7003B6F83 /* PBXContainerItemProxy */ = {
			isa = PBXContainerItemProxy;
			containerPortal = 92BBCA3628ECB1B5003B6F83 /* Project object */;
			proxyType = 1;
			remoteGlobalIDString = 92BBCA3D28ECB1B5003B6F83;
			remoteInfo = FromBuilder;
		};
/* End PBXContainerItemProxy section */

/* Begin PBXFileReference section */
		2020CD1728F2CE9400D8355E /* Dependency.swift */ = {isa = PBXFileReference; lastKnownFileType = sourcecode.swift; path = Dependency.swift; sourceTree = "<group>"; };
		2020CD1928F2CF3800D8355E /* Predicate.swift */ = {isa = PBXFileReference; lastKnownFileType = sourcecode.swift; path = Predicate.swift; sourceTree = "<group>"; };
		2020CD1C28F2EB2200D8355E /* DependencyPayloads.swift */ = {isa = PBXFileReference; lastKnownFileType = sourcecode.swift; path = DependencyPayloads.swift; sourceTree = "<group>"; };
		2020CD2028F2EB4E00D8355E /* Operand.swift */ = {isa = PBXFileReference; lastKnownFileType = sourcecode.swift; path = Operand.swift; sourceTree = "<group>"; };
		2020CD2228F2EB6A00D8355E /* Selector.swift */ = {isa = PBXFileReference; lastKnownFileType = sourcecode.swift; path = Selector.swift; sourceTree = "<group>"; };
		2020CD2428F2F78800D8355E /* DependencyAction.swift */ = {isa = PBXFileReference; lastKnownFileType = sourcecode.swift; path = DependencyAction.swift; sourceTree = "<group>"; };
		92BBCA3E28ECB1B5003B6F83 /* FromBuilder.app */ = {isa = PBXFileReference; explicitFileType = wrapper.application; includeInIndex = 0; path = FromBuilder.app; sourceTree = BUILT_PRODUCTS_DIR; };
		92BBCA4128ECB1B5003B6F83 /* FromBuilderApp.swift */ = {isa = PBXFileReference; lastKnownFileType = sourcecode.swift; path = FromBuilderApp.swift; sourceTree = "<group>"; };
		92BBCA4328ECB1B5003B6F83 /* ContentView.swift */ = {isa = PBXFileReference; lastKnownFileType = sourcecode.swift; path = ContentView.swift; sourceTree = "<group>"; };
		92BBCA4528ECB1B6003B6F83 /* Assets.xcassets */ = {isa = PBXFileReference; lastKnownFileType = folder.assetcatalog; path = Assets.xcassets; sourceTree = "<group>"; };
		92BBCA4828ECB1B6003B6F83 /* Preview Assets.xcassets */ = {isa = PBXFileReference; lastKnownFileType = folder.assetcatalog; path = "Preview Assets.xcassets"; sourceTree = "<group>"; };
		92BBCA4E28ECB1B7003B6F83 /* FromBuilderTests.xctest */ = {isa = PBXFileReference; explicitFileType = wrapper.cfbundle; includeInIndex = 0; path = FromBuilderTests.xctest; sourceTree = BUILT_PRODUCTS_DIR; };
		92BBCA5228ECB1B7003B6F83 /* FromBuilderTests.swift */ = {isa = PBXFileReference; lastKnownFileType = sourcecode.swift; path = FromBuilderTests.swift; sourceTree = "<group>"; };
		92BBCA5828ECB1B7003B6F83 /* FromBuilderUITests.xctest */ = {isa = PBXFileReference; explicitFileType = wrapper.cfbundle; includeInIndex = 0; path = FromBuilderUITests.xctest; sourceTree = BUILT_PRODUCTS_DIR; };
		92BBCA5C28ECB1B7003B6F83 /* FromBuilderUITests.swift */ = {isa = PBXFileReference; lastKnownFileType = sourcecode.swift; path = FromBuilderUITests.swift; sourceTree = "<group>"; };
		92BBCA5E28ECB1B7003B6F83 /* FromBuilderUITestsLaunchTests.swift */ = {isa = PBXFileReference; lastKnownFileType = sourcecode.swift; path = FromBuilderUITestsLaunchTests.swift; sourceTree = "<group>"; };
		92BBCA6B28ECB268003B6F83 /* Models.swift */ = {isa = PBXFileReference; lastKnownFileType = sourcecode.swift; path = Models.swift; sourceTree = "<group>"; };
		DE75C11928F475CE003558EA /* FormItem.swift */ = {isa = PBXFileReference; lastKnownFileType = sourcecode.swift; path = FormItem.swift; sourceTree = "<group>"; };
		DEF014BA28F5419100941CA3 /* FormSectionItem.swift */ = {isa = PBXFileReference; lastKnownFileType = sourcecode.swift; path = FormSectionItem.swift; sourceTree = "<group>"; };
		DEF014BC28F541B400941CA3 /* FormRowItem.swift */ = {isa = PBXFileReference; lastKnownFileType = sourcecode.swift; path = FormRowItem.swift; sourceTree = "<group>"; };
		DEF014BE28F541E300941CA3 /* FormDisplayableRowItem.swift */ = {isa = PBXFileReference; lastKnownFileType = sourcecode.swift; path = FormDisplayableRowItem.swift; sourceTree = "<group>"; };
		DEF014C028F5421200941CA3 /* FormInputRowItem.swift */ = {isa = PBXFileReference; lastKnownFileType = sourcecode.swift; path = FormInputRowItem.swift; sourceTree = "<group>"; };
		DEF014C528F5457400941CA3 /* Rule.swift */ = {isa = PBXFileReference; lastKnownFileType = sourcecode.swift; path = Rule.swift; sourceTree = "<group>"; };
/* End PBXFileReference section */

/* Begin PBXFrameworksBuildPhase section */
		92BBCA3B28ECB1B5003B6F83 /* Frameworks */ = {
			isa = PBXFrameworksBuildPhase;
			buildActionMask = 2147483647;
			files = (
			);
			runOnlyForDeploymentPostprocessing = 0;
		};
		92BBCA4B28ECB1B7003B6F83 /* Frameworks */ = {
			isa = PBXFrameworksBuildPhase;
			buildActionMask = 2147483647;
			files = (
			);
			runOnlyForDeploymentPostprocessing = 0;
		};
		92BBCA5528ECB1B7003B6F83 /* Frameworks */ = {
			isa = PBXFrameworksBuildPhase;
			buildActionMask = 2147483647;
			files = (
			);
			runOnlyForDeploymentPostprocessing = 0;
		};
/* End PBXFrameworksBuildPhase section */

/* Begin PBXGroup section */
		2020CD1B28F2EB0B00D8355E /* Dependency */ = {
			isa = PBXGroup;
			children = (
				2020CD1728F2CE9400D8355E /* Dependency.swift */,
				2020CD2428F2F78800D8355E /* DependencyAction.swift */,
				2020CD1C28F2EB2200D8355E /* DependencyPayloads.swift */,
				2020CD1928F2CF3800D8355E /* Predicate.swift */,
				2020CD2228F2EB6A00D8355E /* Selector.swift */,
				2020CD2028F2EB4E00D8355E /* Operand.swift */,
			);
			path = Dependency;
			sourceTree = "<group>";
		};
		92BBCA3528ECB1B5003B6F83 = {
			isa = PBXGroup;
			children = (
				92BBCA4028ECB1B5003B6F83 /* FromBuilder */,
				92BBCA5B28ECB1B7003B6F83 /* FromBuilderUITests */,
				92BBCA3F28ECB1B5003B6F83 /* Products */,
			);
			sourceTree = "<group>";
		};
		92BBCA3F28ECB1B5003B6F83 /* Products */ = {
			isa = PBXGroup;
			children = (
				92BBCA3E28ECB1B5003B6F83 /* FromBuilder.app */,
				92BBCA4E28ECB1B7003B6F83 /* FromBuilderTests.xctest */,
				92BBCA5828ECB1B7003B6F83 /* FromBuilderUITests.xctest */,
			);
			name = Products;
			sourceTree = "<group>";
		};
		92BBCA4028ECB1B5003B6F83 /* FromBuilder */ = {
			isa = PBXGroup;
			children = (
				DE75C11828F475BC003558EA /* FormAPI */,
				2020CD1B28F2EB0B00D8355E /* Dependency */,
				92BBCA6B28ECB268003B6F83 /* Models.swift */,
				92BBCA4128ECB1B5003B6F83 /* FromBuilderApp.swift */,
				92BBCA4328ECB1B5003B6F83 /* ContentView.swift */,
				92BBCA5128ECB1B7003B6F83 /* FromBuilderTests */,
				92BBCA4528ECB1B6003B6F83 /* Assets.xcassets */,
				92BBCA4728ECB1B6003B6F83 /* Preview Content */,
			);
			path = FromBuilder;
			sourceTree = "<group>";
		};
		92BBCA4728ECB1B6003B6F83 /* Preview Content */ = {
			isa = PBXGroup;
			children = (
				92BBCA4828ECB1B6003B6F83 /* Preview Assets.xcassets */,
			);
			path = "Preview Content";
			sourceTree = "<group>";
		};
		92BBCA5128ECB1B7003B6F83 /* FromBuilderTests */ = {
			isa = PBXGroup;
			children = (
				92BBCA5228ECB1B7003B6F83 /* FromBuilderTests.swift */,
			);
			path = FromBuilderTests;
			sourceTree = "<group>";
		};
		92BBCA5B28ECB1B7003B6F83 /* FromBuilderUITests */ = {
			isa = PBXGroup;
			children = (
				92BBCA5C28ECB1B7003B6F83 /* FromBuilderUITests.swift */,
				92BBCA5E28ECB1B7003B6F83 /* FromBuilderUITestsLaunchTests.swift */,
			);
			path = FromBuilderUITests;
			sourceTree = "<group>";
		};
		DE75C11828F475BC003558EA /* FormAPI */ = {
			isa = PBXGroup;
			children = (
				DEF014C428F5456100941CA3 /* Row */,
				DEF014C328F5455D00941CA3 /* Section */,
				DEF014C228F5455800941CA3 /* Rule */,
				DE75C11928F475CE003558EA /* FormItem.swift */,
			);
			path = FormAPI;
			sourceTree = "<group>";
		};
		DEF014C228F5455800941CA3 /* Rule */ = {
			isa = PBXGroup;
			children = (
				DEF014C528F5457400941CA3 /* Rule.swift */,
			);
			path = Rule;
			sourceTree = "<group>";
		};
		DEF014C328F5455D00941CA3 /* Section */ = {
			isa = PBXGroup;
			children = (
				DEF014BA28F5419100941CA3 /* FormSectionItem.swift */,
			);
			path = Section;
			sourceTree = "<group>";
		};
		DEF014C428F5456100941CA3 /* Row */ = {
			isa = PBXGroup;
			children = (
				DEF014BC28F541B400941CA3 /* FormRowItem.swift */,
				DEF014BE28F541E300941CA3 /* FormDisplayableRowItem.swift */,
				DEF014C028F5421200941CA3 /* FormInputRowItem.swift */,
			);
			path = Row;
			sourceTree = "<group>";
		};
/* End PBXGroup section */

/* Begin PBXNativeTarget section */
		92BBCA3D28ECB1B5003B6F83 /* FromBuilder */ = {
			isa = PBXNativeTarget;
			buildConfigurationList = 92BBCA6228ECB1B7003B6F83 /* Build configuration list for PBXNativeTarget "FromBuilder" */;
			buildPhases = (
				92BBCA3A28ECB1B5003B6F83 /* Sources */,
				92BBCA3B28ECB1B5003B6F83 /* Frameworks */,
				92BBCA3C28ECB1B5003B6F83 /* Resources */,
			);
			buildRules = (
			);
			dependencies = (
			);
			name = FromBuilder;
			productName = FromBuilder;
			productReference = 92BBCA3E28ECB1B5003B6F83 /* FromBuilder.app */;
			productType = "com.apple.product-type.application";
		};
		92BBCA4D28ECB1B7003B6F83 /* FromBuilderTests */ = {
			isa = PBXNativeTarget;
			buildConfigurationList = 92BBCA6528ECB1B7003B6F83 /* Build configuration list for PBXNativeTarget "FromBuilderTests" */;
			buildPhases = (
				92BBCA4A28ECB1B7003B6F83 /* Sources */,
				92BBCA4B28ECB1B7003B6F83 /* Frameworks */,
				92BBCA4C28ECB1B7003B6F83 /* Resources */,
			);
			buildRules = (
			);
			dependencies = (
				92BBCA5028ECB1B7003B6F83 /* PBXTargetDependency */,
			);
			name = FromBuilderTests;
			productName = FromBuilderTests;
			productReference = 92BBCA4E28ECB1B7003B6F83 /* FromBuilderTests.xctest */;
			productType = "com.apple.product-type.bundle.unit-test";
		};
		92BBCA5728ECB1B7003B6F83 /* FromBuilderUITests */ = {
			isa = PBXNativeTarget;
			buildConfigurationList = 92BBCA6828ECB1B7003B6F83 /* Build configuration list for PBXNativeTarget "FromBuilderUITests" */;
			buildPhases = (
				92BBCA5428ECB1B7003B6F83 /* Sources */,
				92BBCA5528ECB1B7003B6F83 /* Frameworks */,
				92BBCA5628ECB1B7003B6F83 /* Resources */,
			);
			buildRules = (
			);
			dependencies = (
				92BBCA5A28ECB1B7003B6F83 /* PBXTargetDependency */,
			);
			name = FromBuilderUITests;
			productName = FromBuilderUITests;
			productReference = 92BBCA5828ECB1B7003B6F83 /* FromBuilderUITests.xctest */;
			productType = "com.apple.product-type.bundle.ui-testing";
		};
/* End PBXNativeTarget section */

/* Begin PBXProject section */
		92BBCA3628ECB1B5003B6F83 /* Project object */ = {
			isa = PBXProject;
			attributes = {
				BuildIndependentTargetsInParallel = 1;
				LastSwiftUpdateCheck = 1340;
				LastUpgradeCheck = 1340;
				TargetAttributes = {
					92BBCA3D28ECB1B5003B6F83 = {
						CreatedOnToolsVersion = 13.4.1;
					};
					92BBCA4D28ECB1B7003B6F83 = {
						CreatedOnToolsVersion = 13.4.1;
						TestTargetID = 92BBCA3D28ECB1B5003B6F83;
					};
					92BBCA5728ECB1B7003B6F83 = {
						CreatedOnToolsVersion = 13.4.1;
						TestTargetID = 92BBCA3D28ECB1B5003B6F83;
					};
				};
			};
			buildConfigurationList = 92BBCA3928ECB1B5003B6F83 /* Build configuration list for PBXProject "FromBuilder" */;
			compatibilityVersion = "Xcode 13.0";
			developmentRegion = en;
			hasScannedForEncodings = 0;
			knownRegions = (
				en,
				Base,
			);
			mainGroup = 92BBCA3528ECB1B5003B6F83;
			productRefGroup = 92BBCA3F28ECB1B5003B6F83 /* Products */;
			projectDirPath = "";
			projectRoot = "";
			targets = (
				92BBCA3D28ECB1B5003B6F83 /* FromBuilder */,
				92BBCA4D28ECB1B7003B6F83 /* FromBuilderTests */,
				92BBCA5728ECB1B7003B6F83 /* FromBuilderUITests */,
			);
		};
/* End PBXProject section */

/* Begin PBXResourcesBuildPhase section */
		92BBCA3C28ECB1B5003B6F83 /* Resources */ = {
			isa = PBXResourcesBuildPhase;
			buildActionMask = 2147483647;
			files = (
				92BBCA4928ECB1B6003B6F83 /* Preview Assets.xcassets in Resources */,
				92BBCA4628ECB1B6003B6F83 /* Assets.xcassets in Resources */,
			);
			runOnlyForDeploymentPostprocessing = 0;
		};
		92BBCA4C28ECB1B7003B6F83 /* Resources */ = {
			isa = PBXResourcesBuildPhase;
			buildActionMask = 2147483647;
			files = (
			);
			runOnlyForDeploymentPostprocessing = 0;
		};
		92BBCA5628ECB1B7003B6F83 /* Resources */ = {
			isa = PBXResourcesBuildPhase;
			buildActionMask = 2147483647;
			files = (
			);
			runOnlyForDeploymentPostprocessing = 0;
		};
/* End PBXResourcesBuildPhase section */

/* Begin PBXSourcesBuildPhase section */
		92BBCA3A28ECB1B5003B6F83 /* Sources */ = {
			isa = PBXSourcesBuildPhase;
			buildActionMask = 2147483647;
			files = (
				DE75C11A28F475CE003558EA /* FormItem.swift in Sources */,
				92BBCA6C28ECB268003B6F83 /* Models.swift in Sources */,
				2020CD2528F2F78800D8355E /* DependencyAction.swift in Sources */,
				DEF014BD28F541B400941CA3 /* FormRowItem.swift in Sources */,
				2020CD2128F2EB4E00D8355E /* Operand.swift in Sources */,
				DEF014BB28F5419100941CA3 /* FormSectionItem.swift in Sources */,
				DEF014C628F5457400941CA3 /* Rule.swift in Sources */,
				2020CD2328F2EB6A00D8355E /* Selector.swift in Sources */,
				92BBCA4428ECB1B5003B6F83 /* ContentView.swift in Sources */,
				2020CD1A28F2CF3800D8355E /* Predicate.swift in Sources */,
				2020CD1D28F2EB2200D8355E /* DependencyPayloads.swift in Sources */,
				DEF014C128F5421200941CA3 /* FormInputRowItem.swift in Sources */,
				2020CD1828F2CE9400D8355E /* Dependency.swift in Sources */,
				DEF014BF28F541E300941CA3 /* FormDisplayableRowItem.swift in Sources */,
				92BBCA4228ECB1B5003B6F83 /* FromBuilderApp.swift in Sources */,
			);
			runOnlyForDeploymentPostprocessing = 0;
		};
		92BBCA4A28ECB1B7003B6F83 /* Sources */ = {
			isa = PBXSourcesBuildPhase;
			buildActionMask = 2147483647;
			files = (
				92BBCA5328ECB1B7003B6F83 /* FromBuilderTests.swift in Sources */,
			);
			runOnlyForDeploymentPostprocessing = 0;
		};
		92BBCA5428ECB1B7003B6F83 /* Sources */ = {
			isa = PBXSourcesBuildPhase;
			buildActionMask = 2147483647;
			files = (
				92BBCA5F28ECB1B7003B6F83 /* FromBuilderUITestsLaunchTests.swift in Sources */,
				92BBCA5D28ECB1B7003B6F83 /* FromBuilderUITests.swift in Sources */,
			);
			runOnlyForDeploymentPostprocessing = 0;
		};
/* End PBXSourcesBuildPhase section */

/* Begin PBXTargetDependency section */
		92BBCA5028ECB1B7003B6F83 /* PBXTargetDependency */ = {
			isa = PBXTargetDependency;
			target = 92BBCA3D28ECB1B5003B6F83 /* FromBuilder */;
			targetProxy = 92BBCA4F28ECB1B7003B6F83 /* PBXContainerItemProxy */;
		};
		92BBCA5A28ECB1B7003B6F83 /* PBXTargetDependency */ = {
			isa = PBXTargetDependency;
			target = 92BBCA3D28ECB1B5003B6F83 /* FromBuilder */;
			targetProxy = 92BBCA5928ECB1B7003B6F83 /* PBXContainerItemProxy */;
		};
/* End PBXTargetDependency section */

/* Begin XCBuildConfiguration section */
		92BBCA6028ECB1B7003B6F83 /* Debug */ = {
			isa = XCBuildConfiguration;
			buildSettings = {
				ALWAYS_SEARCH_USER_PATHS = NO;
				CLANG_ANALYZER_NONNULL = YES;
				CLANG_ANALYZER_NUMBER_OBJECT_CONVERSION = YES_AGGRESSIVE;
				CLANG_CXX_LANGUAGE_STANDARD = "gnu++17";
				CLANG_ENABLE_MODULES = YES;
				CLANG_ENABLE_OBJC_ARC = YES;
				CLANG_ENABLE_OBJC_WEAK = YES;
				CLANG_WARN_BLOCK_CAPTURE_AUTORELEASING = YES;
				CLANG_WARN_BOOL_CONVERSION = YES;
				CLANG_WARN_COMMA = YES;
				CLANG_WARN_CONSTANT_CONVERSION = YES;
				CLANG_WARN_DEPRECATED_OBJC_IMPLEMENTATIONS = YES;
				CLANG_WARN_DIRECT_OBJC_ISA_USAGE = YES_ERROR;
				CLANG_WARN_DOCUMENTATION_COMMENTS = YES;
				CLANG_WARN_EMPTY_BODY = YES;
				CLANG_WARN_ENUM_CONVERSION = YES;
				CLANG_WARN_INFINITE_RECURSION = YES;
				CLANG_WARN_INT_CONVERSION = YES;
				CLANG_WARN_NON_LITERAL_NULL_CONVERSION = YES;
				CLANG_WARN_OBJC_IMPLICIT_RETAIN_SELF = YES;
				CLANG_WARN_OBJC_LITERAL_CONVERSION = YES;
				CLANG_WARN_OBJC_ROOT_CLASS = YES_ERROR;
				CLANG_WARN_QUOTED_INCLUDE_IN_FRAMEWORK_HEADER = YES;
				CLANG_WARN_RANGE_LOOP_ANALYSIS = YES;
				CLANG_WARN_STRICT_PROTOTYPES = YES;
				CLANG_WARN_SUSPICIOUS_MOVE = YES;
				CLANG_WARN_UNGUARDED_AVAILABILITY = YES_AGGRESSIVE;
				CLANG_WARN_UNREACHABLE_CODE = YES;
				CLANG_WARN__DUPLICATE_METHOD_MATCH = YES;
				COPY_PHASE_STRIP = NO;
				DEBUG_INFORMATION_FORMAT = dwarf;
				ENABLE_STRICT_OBJC_MSGSEND = YES;
				ENABLE_TESTABILITY = YES;
				GCC_C_LANGUAGE_STANDARD = gnu11;
				GCC_DYNAMIC_NO_PIC = NO;
				GCC_NO_COMMON_BLOCKS = YES;
				GCC_OPTIMIZATION_LEVEL = 0;
				GCC_PREPROCESSOR_DEFINITIONS = (
					"DEBUG=1",
					"$(inherited)",
				);
				GCC_WARN_64_TO_32_BIT_CONVERSION = YES;
				GCC_WARN_ABOUT_RETURN_TYPE = YES_ERROR;
				GCC_WARN_UNDECLARED_SELECTOR = YES;
				GCC_WARN_UNINITIALIZED_AUTOS = YES_AGGRESSIVE;
				GCC_WARN_UNUSED_FUNCTION = YES;
				GCC_WARN_UNUSED_VARIABLE = YES;
				IPHONEOS_DEPLOYMENT_TARGET = 15.5;
				MTL_ENABLE_DEBUG_INFO = INCLUDE_SOURCE;
				MTL_FAST_MATH = YES;
				ONLY_ACTIVE_ARCH = YES;
				SDKROOT = iphoneos;
				SWIFT_ACTIVE_COMPILATION_CONDITIONS = DEBUG;
				SWIFT_OPTIMIZATION_LEVEL = "-Onone";
			};
			name = Debug;
		};
		92BBCA6128ECB1B7003B6F83 /* Release */ = {
			isa = XCBuildConfiguration;
			buildSettings = {
				ALWAYS_SEARCH_USER_PATHS = NO;
				CLANG_ANALYZER_NONNULL = YES;
				CLANG_ANALYZER_NUMBER_OBJECT_CONVERSION = YES_AGGRESSIVE;
				CLANG_CXX_LANGUAGE_STANDARD = "gnu++17";
				CLANG_ENABLE_MODULES = YES;
				CLANG_ENABLE_OBJC_ARC = YES;
				CLANG_ENABLE_OBJC_WEAK = YES;
				CLANG_WARN_BLOCK_CAPTURE_AUTORELEASING = YES;
				CLANG_WARN_BOOL_CONVERSION = YES;
				CLANG_WARN_COMMA = YES;
				CLANG_WARN_CONSTANT_CONVERSION = YES;
				CLANG_WARN_DEPRECATED_OBJC_IMPLEMENTATIONS = YES;
				CLANG_WARN_DIRECT_OBJC_ISA_USAGE = YES_ERROR;
				CLANG_WARN_DOCUMENTATION_COMMENTS = YES;
				CLANG_WARN_EMPTY_BODY = YES;
				CLANG_WARN_ENUM_CONVERSION = YES;
				CLANG_WARN_INFINITE_RECURSION = YES;
				CLANG_WARN_INT_CONVERSION = YES;
				CLANG_WARN_NON_LITERAL_NULL_CONVERSION = YES;
				CLANG_WARN_OBJC_IMPLICIT_RETAIN_SELF = YES;
				CLANG_WARN_OBJC_LITERAL_CONVERSION = YES;
				CLANG_WARN_OBJC_ROOT_CLASS = YES_ERROR;
				CLANG_WARN_QUOTED_INCLUDE_IN_FRAMEWORK_HEADER = YES;
				CLANG_WARN_RANGE_LOOP_ANALYSIS = YES;
				CLANG_WARN_STRICT_PROTOTYPES = YES;
				CLANG_WARN_SUSPICIOUS_MOVE = YES;
				CLANG_WARN_UNGUARDED_AVAILABILITY = YES_AGGRESSIVE;
				CLANG_WARN_UNREACHABLE_CODE = YES;
				CLANG_WARN__DUPLICATE_METHOD_MATCH = YES;
				COPY_PHASE_STRIP = NO;
				DEBUG_INFORMATION_FORMAT = "dwarf-with-dsym";
				ENABLE_NS_ASSERTIONS = NO;
				ENABLE_STRICT_OBJC_MSGSEND = YES;
				GCC_C_LANGUAGE_STANDARD = gnu11;
				GCC_NO_COMMON_BLOCKS = YES;
				GCC_WARN_64_TO_32_BIT_CONVERSION = YES;
				GCC_WARN_ABOUT_RETURN_TYPE = YES_ERROR;
				GCC_WARN_UNDECLARED_SELECTOR = YES;
				GCC_WARN_UNINITIALIZED_AUTOS = YES_AGGRESSIVE;
				GCC_WARN_UNUSED_FUNCTION = YES;
				GCC_WARN_UNUSED_VARIABLE = YES;
				IPHONEOS_DEPLOYMENT_TARGET = 15.5;
				MTL_ENABLE_DEBUG_INFO = NO;
				MTL_FAST_MATH = YES;
				SDKROOT = iphoneos;
				SWIFT_COMPILATION_MODE = wholemodule;
				SWIFT_OPTIMIZATION_LEVEL = "-O";
				VALIDATE_PRODUCT = YES;
			};
			name = Release;
		};
		92BBCA6328ECB1B7003B6F83 /* Debug */ = {
			isa = XCBuildConfiguration;
			buildSettings = {
				ASSETCATALOG_COMPILER_APPICON_NAME = AppIcon;
				ASSETCATALOG_COMPILER_GLOBAL_ACCENT_COLOR_NAME = AccentColor;
				CODE_SIGN_STYLE = Automatic;
				CURRENT_PROJECT_VERSION = 1;
				DEVELOPMENT_ASSET_PATHS = "\"FromBuilder/Preview Content\"";
				ENABLE_PREVIEWS = YES;
				GENERATE_INFOPLIST_FILE = YES;
				INFOPLIST_KEY_UIApplicationSceneManifest_Generation = YES;
				INFOPLIST_KEY_UIApplicationSupportsIndirectInputEvents = YES;
				INFOPLIST_KEY_UILaunchScreen_Generation = YES;
				INFOPLIST_KEY_UISupportedInterfaceOrientations_iPad = "UIInterfaceOrientationPortrait UIInterfaceOrientationPortraitUpsideDown UIInterfaceOrientationLandscapeLeft UIInterfaceOrientationLandscapeRight";
				INFOPLIST_KEY_UISupportedInterfaceOrientations_iPhone = "UIInterfaceOrientationPortrait UIInterfaceOrientationLandscapeLeft UIInterfaceOrientationLandscapeRight";
				IPHONEOS_DEPLOYMENT_TARGET = 15.0;
				LD_RUNPATH_SEARCH_PATHS = (
					"$(inherited)",
					"@executable_path/Frameworks",
				);
				MARKETING_VERSION = 1.0;
				PRODUCT_BUNDLE_IDENTIFIER = com.pyarandi.FromBuilder;
				PRODUCT_NAME = "$(TARGET_NAME)";
				SWIFT_EMIT_LOC_STRINGS = YES;
				SWIFT_VERSION = 5.0;
				TARGETED_DEVICE_FAMILY = "1,2";
			};
			name = Debug;
		};
		92BBCA6428ECB1B7003B6F83 /* Release */ = {
			isa = XCBuildConfiguration;
			buildSettings = {
				ASSETCATALOG_COMPILER_APPICON_NAME = AppIcon;
				ASSETCATALOG_COMPILER_GLOBAL_ACCENT_COLOR_NAME = AccentColor;
				CODE_SIGN_STYLE = Automatic;
				CURRENT_PROJECT_VERSION = 1;
				DEVELOPMENT_ASSET_PATHS = "\"FromBuilder/Preview Content\"";
				ENABLE_PREVIEWS = YES;
				GENERATE_INFOPLIST_FILE = YES;
				INFOPLIST_KEY_UIApplicationSceneManifest_Generation = YES;
				INFOPLIST_KEY_UIApplicationSupportsIndirectInputEvents = YES;
				INFOPLIST_KEY_UILaunchScreen_Generation = YES;
				INFOPLIST_KEY_UISupportedInterfaceOrientations_iPad = "UIInterfaceOrientationPortrait UIInterfaceOrientationPortraitUpsideDown UIInterfaceOrientationLandscapeLeft UIInterfaceOrientationLandscapeRight";
				INFOPLIST_KEY_UISupportedInterfaceOrientations_iPhone = "UIInterfaceOrientationPortrait UIInterfaceOrientationLandscapeLeft UIInterfaceOrientationLandscapeRight";
				IPHONEOS_DEPLOYMENT_TARGET = 15.0;
				LD_RUNPATH_SEARCH_PATHS = (
					"$(inherited)",
					"@executable_path/Frameworks",
				);
				MARKETING_VERSION = 1.0;
				PRODUCT_BUNDLE_IDENTIFIER = com.pyarandi.FromBuilder;
				PRODUCT_NAME = "$(TARGET_NAME)";
				SWIFT_EMIT_LOC_STRINGS = YES;
				SWIFT_VERSION = 5.0;
				TARGETED_DEVICE_FAMILY = "1,2";
			};
			name = Release;
		};
		92BBCA6628ECB1B7003B6F83 /* Debug */ = {
			isa = XCBuildConfiguration;
			buildSettings = {
				ALWAYS_EMBED_SWIFT_STANDARD_LIBRARIES = YES;
				BUNDLE_LOADER = "$(TEST_HOST)";
				CODE_SIGN_STYLE = Automatic;
				CURRENT_PROJECT_VERSION = 1;
				GENERATE_INFOPLIST_FILE = YES;
				IPHONEOS_DEPLOYMENT_TARGET = 15.5;
				MARKETING_VERSION = 1.0;
				PRODUCT_BUNDLE_IDENTIFIER = com.pyarandi.FromBuilderTests;
				PRODUCT_NAME = "$(TARGET_NAME)";
				SWIFT_EMIT_LOC_STRINGS = NO;
				SWIFT_VERSION = 5.0;
				TARGETED_DEVICE_FAMILY = "1,2";
				TEST_HOST = "$(BUILT_PRODUCTS_DIR)/FromBuilder.app/FromBuilder";
			};
			name = Debug;
		};
		92BBCA6728ECB1B7003B6F83 /* Release */ = {
			isa = XCBuildConfiguration;
			buildSettings = {
				ALWAYS_EMBED_SWIFT_STANDARD_LIBRARIES = YES;
				BUNDLE_LOADER = "$(TEST_HOST)";
				CODE_SIGN_STYLE = Automatic;
				CURRENT_PROJECT_VERSION = 1;
				GENERATE_INFOPLIST_FILE = YES;
				IPHONEOS_DEPLOYMENT_TARGET = 15.5;
				MARKETING_VERSION = 1.0;
				PRODUCT_BUNDLE_IDENTIFIER = com.pyarandi.FromBuilderTests;
				PRODUCT_NAME = "$(TARGET_NAME)";
				SWIFT_EMIT_LOC_STRINGS = NO;
				SWIFT_VERSION = 5.0;
				TARGETED_DEVICE_FAMILY = "1,2";
				TEST_HOST = "$(BUILT_PRODUCTS_DIR)/FromBuilder.app/FromBuilder";
			};
			name = Release;
		};
		92BBCA6928ECB1B7003B6F83 /* Debug */ = {
			isa = XCBuildConfiguration;
			buildSettings = {
				ALWAYS_EMBED_SWIFT_STANDARD_LIBRARIES = YES;
				CODE_SIGN_STYLE = Automatic;
				CURRENT_PROJECT_VERSION = 1;
				GENERATE_INFOPLIST_FILE = YES;
				MARKETING_VERSION = 1.0;
				PRODUCT_BUNDLE_IDENTIFIER = com.pyarandi.FromBuilderUITests;
				PRODUCT_NAME = "$(TARGET_NAME)";
				SWIFT_EMIT_LOC_STRINGS = NO;
				SWIFT_VERSION = 5.0;
				TARGETED_DEVICE_FAMILY = "1,2";
				TEST_TARGET_NAME = FromBuilder;
			};
			name = Debug;
		};
		92BBCA6A28ECB1B7003B6F83 /* Release */ = {
			isa = XCBuildConfiguration;
			buildSettings = {
				ALWAYS_EMBED_SWIFT_STANDARD_LIBRARIES = YES;
				CODE_SIGN_STYLE = Automatic;
				CURRENT_PROJECT_VERSION = 1;
				GENERATE_INFOPLIST_FILE = YES;
				MARKETING_VERSION = 1.0;
				PRODUCT_BUNDLE_IDENTIFIER = com.pyarandi.FromBuilderUITests;
				PRODUCT_NAME = "$(TARGET_NAME)";
				SWIFT_EMIT_LOC_STRINGS = NO;
				SWIFT_VERSION = 5.0;
				TARGETED_DEVICE_FAMILY = "1,2";
				TEST_TARGET_NAME = FromBuilder;
			};
			name = Release;
		};
/* End XCBuildConfiguration section */

/* Begin XCConfigurationList section */
		92BBCA3928ECB1B5003B6F83 /* Build configuration list for PBXProject "FromBuilder" */ = {
			isa = XCConfigurationList;
			buildConfigurations = (
				92BBCA6028ECB1B7003B6F83 /* Debug */,
				92BBCA6128ECB1B7003B6F83 /* Release */,
			);
			defaultConfigurationIsVisible = 0;
			defaultConfigurationName = Release;
		};
		92BBCA6228ECB1B7003B6F83 /* Build configuration list for PBXNativeTarget "FromBuilder" */ = {
			isa = XCConfigurationList;
			buildConfigurations = (
				92BBCA6328ECB1B7003B6F83 /* Debug */,
				92BBCA6428ECB1B7003B6F83 /* Release */,
			);
			defaultConfigurationIsVisible = 0;
			defaultConfigurationName = Release;
		};
		92BBCA6528ECB1B7003B6F83 /* Build configuration list for PBXNativeTarget "FromBuilderTests" */ = {
			isa = XCConfigurationList;
			buildConfigurations = (
				92BBCA6628ECB1B7003B6F83 /* Debug */,
				92BBCA6728ECB1B7003B6F83 /* Release */,
			);
			defaultConfigurationIsVisible = 0;
			defaultConfigurationName = Release;
		};
		92BBCA6828ECB1B7003B6F83 /* Build configuration list for PBXNativeTarget "FromBuilderUITests" */ = {
			isa = XCConfigurationList;
			buildConfigurations = (
				92BBCA6928ECB1B7003B6F83 /* Debug */,
				92BBCA6A28ECB1B7003B6F83 /* Release */,
			);
			defaultConfigurationIsVisible = 0;
			defaultConfigurationName = Release;
		};
/* End XCConfigurationList section */
	};
	rootObject = 92BBCA3628ECB1B5003B6F83 /* Project object */;
}
